// !$*UTF8*$!
{
	archiveVersion = 1;
	classes = {
	};
	objectVersion = 55;
	objects = {

/* Begin PBXBuildFile section */
		6AAD0FC228B872F2005CBB24 /* Item+CoreDataClass.swift in Sources */ = {isa = PBXBuildFile; fileRef = 6AAD0FC028B872F2005CBB24 /* Item+CoreDataClass.swift */; };
		6AAD0FC328B872F2005CBB24 /* Item+CoreDataProperties.swift in Sources */ = {isa = PBXBuildFile; fileRef = 6AAD0FC128B872F2005CBB24 /* Item+CoreDataProperties.swift */; };
		6AC6905728B7CE2500B5CF0C /* AppDelegate.swift in Sources */ = {isa = PBXBuildFile; fileRef = 6AC6905628B7CE2500B5CF0C /* AppDelegate.swift */; };
		6AC6905928B7CE2500B5CF0C /* SceneDelegate.swift in Sources */ = {isa = PBXBuildFile; fileRef = 6AC6905828B7CE2500B5CF0C /* SceneDelegate.swift */; };
		6AC6905B28B7CE2500B5CF0C /* ViewController.swift in Sources */ = {isa = PBXBuildFile; fileRef = 6AC6905A28B7CE2500B5CF0C /* ViewController.swift */; };
		6AC6905E28B7CE2500B5CF0C /* Main.storyboard in Resources */ = {isa = PBXBuildFile; fileRef = 6AC6905C28B7CE2500B5CF0C /* Main.storyboard */; };
		6AC6906128B7CE2500B5CF0C /* DataModel.xcdatamodeld in Sources */ = {isa = PBXBuildFile; fileRef = 6AC6905F28B7CE2500B5CF0C /* DataModel.xcdatamodeld */; };
		6AC6906328B7CE2500B5CF0C /* Assets.xcassets in Resources */ = {isa = PBXBuildFile; fileRef = 6AC6906228B7CE2500B5CF0C /* Assets.xcassets */; };
		6AC6906628B7CE2500B5CF0C /* LaunchScreen.storyboard in Resources */ = {isa = PBXBuildFile; fileRef = 6AC6906428B7CE2500B5CF0C /* LaunchScreen.storyboard */; };
/* End PBXBuildFile section */

/* Begin PBXFileReference section */
		6AAD0FC028B872F2005CBB24 /* Item+CoreDataClass.swift */ = {isa = PBXFileReference; lastKnownFileType = sourcecode.swift; path = "Item+CoreDataClass.swift"; sourceTree = "<group>"; };
		6AAD0FC128B872F2005CBB24 /* Item+CoreDataProperties.swift */ = {isa = PBXFileReference; lastKnownFileType = sourcecode.swift; path = "Item+CoreDataProperties.swift"; sourceTree = "<group>"; };
		6AC6905328B7CE2500B5CF0C /* CoreData_tutorial.app */ = {isa = PBXFileReference; explicitFileType = wrapper.application; includeInIndex = 0; path = "CoreData\U0010_tutorial.app"; sourceTree = BUILT_PRODUCTS_DIR; };
		6AC6905628B7CE2500B5CF0C /* AppDelegate.swift */ = {isa = PBXFileReference; lastKnownFileType = sourcecode.swift; path = AppDelegate.swift; sourceTree = "<group>"; };
		6AC6905828B7CE2500B5CF0C /* SceneDelegate.swift */ = {isa = PBXFileReference; lastKnownFileType = sourcecode.swift; path = SceneDelegate.swift; sourceTree = "<group>"; };
		6AC6905A28B7CE2500B5CF0C /* ViewController.swift */ = {isa = PBXFileReference; lastKnownFileType = sourcecode.swift; path = ViewController.swift; sourceTree = "<group>"; };
		6AC6905D28B7CE2500B5CF0C /* Base */ = {isa = PBXFileReference; lastKnownFileType = file.storyboard; name = Base; path = Base.lproj/Main.storyboard; sourceTree = "<group>"; };
		6AC6906028B7CE2500B5CF0C /* CoreData__tutorial.xcdatamodel */ = {isa = PBXFileReference; lastKnownFileType = wrapper.xcdatamodel; path = CoreData__tutorial.xcdatamodel; sourceTree = "<group>"; };
		6AC6906228B7CE2500B5CF0C /* Assets.xcassets */ = {isa = PBXFileReference; lastKnownFileType = folder.assetcatalog; path = Assets.xcassets; sourceTree = "<group>"; };
		6AC6906528B7CE2500B5CF0C /* Base */ = {isa = PBXFileReference; lastKnownFileType = file.storyboard; name = Base; path = Base.lproj/LaunchScreen.storyboard; sourceTree = "<group>"; };
		6AC6906728B7CE2500B5CF0C /* Info.plist */ = {isa = PBXFileReference; lastKnownFileType = text.plist.xml; path = Info.plist; sourceTree = "<group>"; };
/* End PBXFileReference section */

/* Begin PBXFrameworksBuildPhase section */
		6AC6905028B7CE2500B5CF0C /* Frameworks */ = {
			isa = PBXFrameworksBuildPhase;
			buildActionMask = 2147483647;
			files = (
			);
			runOnlyForDeploymentPostprocessing = 0;
		};
/* End PBXFrameworksBuildPhase section */

/* Begin PBXGroup section */
		6AAD0FC428B874CA005CBB24 /* Item */ = {
			isa = PBXGroup;
			children = (
				6AAD0FC028B872F2005CBB24 /* Item+CoreDataClass.swift */,
				6AAD0FC128B872F2005CBB24 /* Item+CoreDataProperties.swift */,
			);
			path = Item;
			sourceTree = "<group>";
		};
		6AC6904A28B7CE2500B5CF0C = {
			isa = PBXGroup;
			children = (
				6AC6905528B7CE2500B5CF0C /* CoreData_tutorial */,
				6AC6905428B7CE2500B5CF0C /* Products */,
			);
			sourceTree = "<group>";
		};
		6AC6905428B7CE2500B5CF0C /* Products */ = {
			isa = PBXGroup;
			children = (
				6AC6905328B7CE2500B5CF0C /* CoreData_tutorial.app */,
			);
			name = Products;
			sourceTree = "<group>";
		};
		6AC6905528B7CE2500B5CF0C /* CoreData_tutorial */ = {
			isa = PBXGroup;
			children = (
				6AC6905628B7CE2500B5CF0C /* AppDelegate.swift */,
				6AC6905828B7CE2500B5CF0C /* SceneDelegate.swift */,
				6AC6905A28B7CE2500B5CF0C /* ViewController.swift */,
				6AAD0FC428B874CA005CBB24 /* Item */,
				6AC6905C28B7CE2500B5CF0C /* Main.storyboard */,
				6AC6906228B7CE2500B5CF0C /* Assets.xcassets */,
				6AC6906428B7CE2500B5CF0C /* LaunchScreen.storyboard */,
				6AC6906728B7CE2500B5CF0C /* Info.plist */,
				6AC6905F28B7CE2500B5CF0C /* DataModel.xcdatamodeld */,
			);
			path = "CoreData\U0010_tutorial";
			sourceTree = "<group>";
		};
/* End PBXGroup section */

/* Begin PBXNativeTarget section */
		6AC6905228B7CE2500B5CF0C /* CoreData_tutorial */ = {
			isa = PBXNativeTarget;
			buildConfigurationList = 6AC6906A28B7CE2500B5CF0C /* Build configuration list for PBXNativeTarget "CoreData_tutorial" */;
			buildPhases = (
				6AC6904F28B7CE2500B5CF0C /* Sources */,
				6AC6905028B7CE2500B5CF0C /* Frameworks */,
				6AC6905128B7CE2500B5CF0C /* Resources */,
			);
			buildRules = (
			);
			dependencies = (
			);
			name = "CoreData\U0010_tutorial";
			productName = "CoreData\U0010_tutorial";
			productReference = 6AC6905328B7CE2500B5CF0C /* CoreData_tutorial.app */;
			productType = "com.apple.product-type.application";
		};
/* End PBXNativeTarget section */

/* Begin PBXProject section */
		6AC6904B28B7CE2500B5CF0C /* Project object */ = {
			isa = PBXProject;
			attributes = {
				BuildIndependentTargetsInParallel = 1;
				LastSwiftUpdateCheck = 1340;
				LastUpgradeCheck = 1340;
				TargetAttributes = {
					6AC6905228B7CE2500B5CF0C = {
						CreatedOnToolsVersion = 13.4.1;
					};
				};
			};
			buildConfigurationList = 6AC6904E28B7CE2500B5CF0C /* Build configuration list for PBXProject "CoreData_tutorial" */;
			compatibilityVersion = "Xcode 13.0";
			developmentRegion = en;
			hasScannedForEncodings = 0;
			knownRegions = (
				en,
				Base,
			);
			mainGroup = 6AC6904A28B7CE2500B5CF0C;
			productRefGroup = 6AC6905428B7CE2500B5CF0C /* Products */;
			projectDirPath = "";
			projectRoot = "";
			targets = (
				6AC6905228B7CE2500B5CF0C /* CoreData_tutorial */,
			);
		};
/* End PBXProject section */

/* Begin PBXResourcesBuildPhase section */
		6AC6905128B7CE2500B5CF0C /* Resources */ = {
			isa = PBXResourcesBuildPhase;
			buildActionMask = 2147483647;
			files = (
				6AC6906628B7CE2500B5CF0C /* LaunchScreen.storyboard in Resources */,
				6AC6906328B7CE2500B5CF0C /* Assets.xcassets in Resources */,
				6AC6905E28B7CE2500B5CF0C /* Main.storyboard in Resources */,
			);
			runOnlyForDeploymentPostprocessing = 0;
		};
/* End PBXResourcesBuildPhase section */

/* Begin PBXSourcesBuildPhase section */
		6AC6904F28B7CE2500B5CF0C /* Sources */ = {
			isa = PBXSourcesBuildPhase;
			buildActionMask = 2147483647;
			files = (
				6AAD0FC328B872F2005CBB24 /* Item+CoreDataProperties.swift in Sources */,
				6AAD0FC228B872F2005CBB24 /* Item+CoreDataClass.swift in Sources */,
				6AC6906128B7CE2500B5CF0C /* DataModel.xcdatamodeld in Sources */,
				6AC6905B28B7CE2500B5CF0C /* ViewController.swift in Sources */,
				6AC6905728B7CE2500B5CF0C /* AppDelegate.swift in Sources */,
				6AC6905928B7CE2500B5CF0C /* SceneDelegate.swift in Sources */,
			);
			runOnlyForDeploymentPostprocessing = 0;
		};
/* End PBXSourcesBuildPhase section */

/* Begin PBXVariantGroup section */
		6AC6905C28B7CE2500B5CF0C /* Main.storyboard */ = {
			isa = PBXVariantGroup;
			children = (
				6AC6905D28B7CE2500B5CF0C /* Base */,
			);
			name = Main.storyboard;
			sourceTree = "<group>";
		};
		6AC6906428B7CE2500B5CF0C /* LaunchScreen.storyboard */ = {
			isa = PBXVariantGroup;
			children = (
				6AC6906528B7CE2500B5CF0C /* Base */,
			);
			name = LaunchScreen.storyboard;
			sourceTree = "<group>";
		};
/* End PBXVariantGroup section */

/* Begin XCBuildConfiguration section */
		6AC6906828B7CE2500B5CF0C /* Debug */ = {
			isa = XCBuildConfiguration;
			buildSettings = {
				ALWAYS_SEARCH_USER_PATHS = NO;
				CLANG_ANALYZER_NONNULL = YES;
				CLANG_ANALYZER_NUMBER_OBJECT_CONVERSION = YES_AGGRESSIVE;
				CLANG_CXX_LANGUAGE_STANDARD = "gnu++17";
				CLANG_ENABLE_MODULES = YES;
				CLANG_ENABLE_OBJC_ARC = YES;
				CLANG_ENABLE_OBJC_WEAK = YES;
				CLANG_WARN_BLOCK_CAPTURE_AUTORELEASING = YES;
				CLANG_WARN_BOOL_CONVERSION = YES;
				CLANG_WARN_COMMA = YES;
				CLANG_WARN_CONSTANT_CONVERSION = YES;
				CLANG_WARN_DEPRECATED_OBJC_IMPLEMENTATIONS = YES;
				CLANG_WARN_DIRECT_OBJC_ISA_USAGE = YES_ERROR;
				CLANG_WARN_DOCUMENTATION_COMMENTS = YES;
				CLANG_WARN_EMPTY_BODY = YES;
				CLANG_WARN_ENUM_CONVERSION = YES;
				CLANG_WARN_INFINITE_RECURSION = YES;
				CLANG_WARN_INT_CONVERSION = YES;
				CLANG_WARN_NON_LITERAL_NULL_CONVERSION = YES;
				CLANG_WARN_OBJC_IMPLICIT_RETAIN_SELF = YES;
				CLANG_WARN_OBJC_LITERAL_CONVERSION = YES;
				CLANG_WARN_OBJC_ROOT_CLASS = YES_ERROR;
				CLANG_WARN_QUOTED_INCLUDE_IN_FRAMEWORK_HEADER = YES;
				CLANG_WARN_RANGE_LOOP_ANALYSIS = YES;
				CLANG_WARN_STRICT_PROTOTYPES = YES;
				CLANG_WARN_SUSPICIOUS_MOVE = YES;
				CLANG_WARN_UNGUARDED_AVAILABILITY = YES_AGGRESSIVE;
				CLANG_WARN_UNREACHABLE_CODE = YES;
				CLANG_WARN__DUPLICATE_METHOD_MATCH = YES;
				COPY_PHASE_STRIP = NO;
				DEBUG_INFORMATION_FORMAT = dwarf;
				ENABLE_STRICT_OBJC_MSGSEND = YES;
				ENABLE_TESTABILITY = YES;
				GCC_C_LANGUAGE_STANDARD = gnu11;
				GCC_DYNAMIC_NO_PIC = NO;
				GCC_NO_COMMON_BLOCKS = YES;
				GCC_OPTIMIZATION_LEVEL = 0;
				GCC_PREPROCESSOR_DEFINITIONS = (
					"DEBUG=1",
					"$(inherited)",
				);
				GCC_WARN_64_TO_32_BIT_CONVERSION = YES;
				GCC_WARN_ABOUT_RETURN_TYPE = YES_ERROR;
				GCC_WARN_UNDECLARED_SELECTOR = YES;
				GCC_WARN_UNINITIALIZED_AUTOS = YES_AGGRESSIVE;
				GCC_WARN_UNUSED_FUNCTION = YES;
				GCC_WARN_UNUSED_VARIABLE = YES;
				IPHONEOS_DEPLOYMENT_TARGET = 15.5;
				MTL_ENABLE_DEBUG_INFO = INCLUDE_SOURCE;
				MTL_FAST_MATH = YES;
				ONLY_ACTIVE_ARCH = YES;
				SDKROOT = iphoneos;
				SWIFT_ACTIVE_COMPILATION_CONDITIONS = DEBUG;
				SWIFT_OPTIMIZATION_LEVEL = "-Onone";
			};
			name = Debug;
		};
		6AC6906928B7CE2500B5CF0C /* Release */ = {
			isa = XCBuildConfiguration;
			buildSettings = {
				ALWAYS_SEARCH_USER_PATHS = NO;
				CLANG_ANALYZER_NONNULL = YES;
				CLANG_ANALYZER_NUMBER_OBJECT_CONVERSION = YES_AGGRESSIVE;
				CLANG_CXX_LANGUAGE_STANDARD = "gnu++17";
				CLANG_ENABLE_MODULES = YES;
				CLANG_ENABLE_OBJC_ARC = YES;
				CLANG_ENABLE_OBJC_WEAK = YES;
				CLANG_WARN_BLOCK_CAPTURE_AUTORELEASING = YES;
				CLANG_WARN_BOOL_CONVERSION = YES;
				CLANG_WARN_COMMA = YES;
				CLANG_WARN_CONSTANT_CONVERSION = YES;
				CLANG_WARN_DEPRECATED_OBJC_IMPLEMENTATIONS = YES;
				CLANG_WARN_DIRECT_OBJC_ISA_USAGE = YES_ERROR;
				CLANG_WARN_DOCUMENTATION_COMMENTS = YES;
				CLANG_WARN_EMPTY_BODY = YES;
				CLANG_WARN_ENUM_CONVERSION = YES;
				CLANG_WARN_INFINITE_RECURSION = YES;
				CLANG_WARN_INT_CONVERSION = YES;
				CLANG_WARN_NON_LITERAL_NULL_CONVERSION = YES;
				CLANG_WARN_OBJC_IMPLICIT_RETAIN_SELF = YES;
				CLANG_WARN_OBJC_LITERAL_CONVERSION = YES;
				CLANG_WARN_OBJC_ROOT_CLASS = YES_ERROR;
				CLANG_WARN_QUOTED_INCLUDE_IN_FRAMEWORK_HEADER = YES;
				CLANG_WARN_RANGE_LOOP_ANALYSIS = YES;
				CLANG_WARN_STRICT_PROTOTYPES = YES;
				CLANG_WARN_SUSPICIOUS_MOVE = YES;
				CLANG_WARN_UNGUARDED_AVAILABILITY = YES_AGGRESSIVE;
				CLANG_WARN_UNREACHABLE_CODE = YES;
				CLANG_WARN__DUPLICATE_METHOD_MATCH = YES;
				COPY_PHASE_STRIP = NO;
				DEBUG_INFORMATION_FORMAT = "dwarf-with-dsym";
				ENABLE_NS_ASSERTIONS = NO;
				ENABLE_STRICT_OBJC_MSGSEND = YES;
				GCC_C_LANGUAGE_STANDARD = gnu11;
				GCC_NO_COMMON_BLOCKS = YES;
				GCC_WARN_64_TO_32_BIT_CONVERSION = YES;
				GCC_WARN_ABOUT_RETURN_TYPE = YES_ERROR;
				GCC_WARN_UNDECLARED_SELECTOR = YES;
				GCC_WARN_UNINITIALIZED_AUTOS = YES_AGGRESSIVE;
				GCC_WARN_UNUSED_FUNCTION = YES;
				GCC_WARN_UNUSED_VARIABLE = YES;
				IPHONEOS_DEPLOYMENT_TARGET = 15.5;
				MTL_ENABLE_DEBUG_INFO = NO;
				MTL_FAST_MATH = YES;
				SDKROOT = iphoneos;
				SWIFT_COMPILATION_MODE = wholemodule;
				SWIFT_OPTIMIZATION_LEVEL = "-O";
				VALIDATE_PRODUCT = YES;
			};
			name = Release;
		};
		6AC6906B28B7CE2500B5CF0C /* Debug */ = {
			isa = XCBuildConfiguration;
			buildSettings = {
				ASSETCATALOG_COMPILER_APPICON_NAME = AppIcon;
				ASSETCATALOG_COMPILER_GLOBAL_ACCENT_COLOR_NAME = AccentColor;
				CODE_SIGN_STYLE = Automatic;
				CURRENT_PROJECT_VERSION = 1;
				DEVELOPMENT_TEAM = 34JS69S5XZ;
				GENERATE_INFOPLIST_FILE = YES;
				INFOPLIST_FILE = "CoreData\U0010_tutorial/Info.plist";
				INFOPLIST_KEY_UIApplicationSupportsIndirectInputEvents = YES;
				INFOPLIST_KEY_UILaunchStoryboardName = LaunchScreen;
				INFOPLIST_KEY_UIMainStoryboardFile = Main;
				INFOPLIST_KEY_UISupportedInterfaceOrientations_iPad = "UIInterfaceOrientationPortrait UIInterfaceOrientationPortraitUpsideDown UIInterfaceOrientationLandscapeLeft UIInterfaceOrientationLandscapeRight";
				INFOPLIST_KEY_UISupportedInterfaceOrientations_iPhone = "UIInterfaceOrientationPortrait UIInterfaceOrientationLandscapeLeft UIInterfaceOrientationLandscapeRight";
				LD_RUNPATH_SEARCH_PATHS = (
					"$(inherited)",
					"@executable_path/Frameworks",
				);
				MARKETING_VERSION = 1.0;
				PRODUCT_BUNDLE_IDENTIFIER = "ekko.CoreData--tutorial";
				PRODUCT_NAME = "$(TARGET_NAME)";
				SWIFT_EMIT_LOC_STRINGS = YES;
				SWIFT_VERSION = 5.0;
				TARGETED_DEVICE_FAMILY = "1,2";
			};
			name = Debug;
		};
		6AC6906C28B7CE2500B5CF0C /* Release */ = {
			isa = XCBuildConfiguration;
			buildSettings = {
				ASSETCATALOG_COMPILER_APPICON_NAME = AppIcon;
				ASSETCATALOG_COMPILER_GLOBAL_ACCENT_COLOR_NAME = AccentColor;
				CODE_SIGN_STYLE = Automatic;
				CURRENT_PROJECT_VERSION = 1;
				DEVELOPMENT_TEAM = 34JS69S5XZ;
				GENERATE_INFOPLIST_FILE = YES;
				INFOPLIST_FILE = "CoreData\U0010_tutorial/Info.plist";
				INFOPLIST_KEY_UIApplicationSupportsIndirectInputEvents = YES;
				INFOPLIST_KEY_UILaunchStoryboardName = LaunchScreen;
				INFOPLIST_KEY_UIMainStoryboardFile = Main;
				INFOPLIST_KEY_UISupportedInterfaceOrientations_iPad = "UIInterfaceOrientationPortrait UIInterfaceOrientationPortraitUpsideDown UIInterfaceOrientationLandscapeLeft UIInterfaceOrientationLandscapeRight";
				INFOPLIST_KEY_UISupportedInterfaceOrientations_iPhone = "UIInterfaceOrientationPortrait UIInterfaceOrientationLandscapeLeft UIInterfaceOrientationLandscapeRight";
				LD_RUNPATH_SEARCH_PATHS = (
					"$(inherited)",
					"@executable_path/Frameworks",
				);
				MARKETING_VERSION = 1.0;
				PRODUCT_BUNDLE_IDENTIFIER = "ekko.CoreData--tutorial";
				PRODUCT_NAME = "$(TARGET_NAME)";
				SWIFT_EMIT_LOC_STRINGS = YES;
				SWIFT_VERSION = 5.0;
				TARGETED_DEVICE_FAMILY = "1,2";
			};
			name = Release;
		};
/* End XCBuildConfiguration section */

/* Begin XCConfigurationList section */
		6AC6904E28B7CE2500B5CF0C /* Build configuration list for PBXProject "CoreData_tutorial" */ = {
			isa = XCConfigurationList;
			buildConfigurations = (
				6AC6906828B7CE2500B5CF0C /* Debug */,
				6AC6906928B7CE2500B5CF0C /* Release */,
			);
			defaultConfigurationIsVisible = 0;
			defaultConfigurationName = Release;
		};
		6AC6906A28B7CE2500B5CF0C /* Build configuration list for PBXNativeTarget "CoreData_tutorial" */ = {
			isa = XCConfigurationList;
			buildConfigurations = (
				6AC6906B28B7CE2500B5CF0C /* Debug */,
				6AC6906C28B7CE2500B5CF0C /* Release */,
			);
			defaultConfigurationIsVisible = 0;
			defaultConfigurationName = Release;
		};
/* End XCConfigurationList section */

/* Begin XCVersionGroup section */
		6AC6905F28B7CE2500B5CF0C /* DataModel.xcdatamodeld */ = {
			isa = XCVersionGroup;
			children = (
				6AC6906028B7CE2500B5CF0C /* CoreData__tutorial.xcdatamodel */,
			);
			currentVersion = 6AC6906028B7CE2500B5CF0C /* CoreData__tutorial.xcdatamodel */;
			path = DataModel.xcdatamodeld;
			sourceTree = "<group>";
			versionGroupType = wrapper.xcdatamodel;
		};
/* End XCVersionGroup section */
	};
	rootObject = 6AC6904B28B7CE2500B5CF0C /* Project object */;
}
